<?xml version="1.0" encoding="utf-8"?>
<Project ToolsVersion="4.0" xmlns="http://schemas.microsoft.com/developer/msbuild/2003">
  <ItemGroup>
    <Filter Include="Source Files">
      <UniqueIdentifier>{4FC737F1-C7A5-4376-A066-2A32D752A2FF}</UniqueIdentifier>
      <Extensions>cpp;c;cc;cxx;def;odl;idl;hpj;bat;asm;asmx</Extensions>
    </Filter>
    <Filter Include="Resource Files">
      <UniqueIdentifier>{67DA6AB6-F800-4c08-8B7A-83BB121AAD01}</UniqueIdentifier>
      <Extensions>rc;ico;cur;bmp;dlg;rc2;rct;bin;rgs;gif;jpg;jpeg;jpe;resx;tiff;tif;png;wav;mfcribbon-ms</Extensions>
    </Filter>
    <Filter Include="Data">
      <UniqueIdentifier>{834c2a71-024c-4964-8303-bbb983159f3c}</UniqueIdentifier>
    </Filter>
    <Filter Include="Source Files\Header Files">
      <UniqueIdentifier>{93995380-89BD-4b04-88EB-625FBE52EBFB}</UniqueIdentifier>
      <Extensions>h;hpp;hxx;hm;inl;inc;xsd</Extensions>
    </Filter>
  </ItemGroup>
  <ItemGroup>
    <ClInclude Include="colour.h">
      <Filter>Source Files\Header Files</Filter>
    </ClInclude>
    <ClInclude Include="gobject.h">
      <Filter>Source Files\Header Files</Filter>
    </ClInclude>
    <ClInclude Include="light.h">
      <Filter>Source Files\Header Files</Filter>
    </ClInclude>
    <ClInclude Include="litscene.h">
      <Filter>Source Files\Header Files</Filter>
    </ClInclude>
    <ClInclude Include="material.h">
      <Filter>Source Files\Header Files</Filter>
    </ClInclude>
    <ClInclude Include="point.h">
      <Filter>Source Files\Header Files</Filter>
    </ClInclude>
    <ClInclude Include="polygon.h">
      <Filter>Source Files\Header Files</Filter>
    </ClInclude>
    <ClInclude Include="ray.h">
      <Filter>Source Files\Header Files</Filter>
    </ClInclude>
    <ClInclude Include="scene.h">
      <Filter>Source Files\Header Files</Filter>
    </ClInclude>
    <ClInclude Include="simplecamera.h">
      <Filter>Source Files\Header Files</Filter>
    </ClInclude>
    <ClInclude Include="sphere.h">
      <Filter>Source Files\Header Files</Filter>
    </ClInclude>
    <ClInclude Include="vector.h">
      <Filter>Source Files\Header Files</Filter>
    </ClInclude>
  </ItemGroup>
  <ItemGroup>
    <ClCompile Include="colour.cpp">
      <Filter>Source Files</Filter>
    </ClCompile>
    <ClCompile Include="light.cpp">
      <Filter>Source Files</Filter>
    </ClCompile>
    <ClCompile Include="litscene.cpp">
      <Filter>Source Files</Filter>
    </ClCompile>
    <ClCompile Include="mainray.cpp">
      <Filter>Source Files</Filter>
    </ClCompile>
    <ClCompile Include="material.cpp">
      <Filter>Source Files</Filter>
    </ClCompile>
    <ClCompile Include="point.cpp">
      <Filter>Source Files</Filter>
    </ClCompile>
    <ClCompile Include="polygon.cpp">
      <Filter>Source Files</Filter>
    </ClCompile>
    <ClCompile Include="ray.cpp">
      <Filter>Source Files</Filter>
    </ClCompile>
    <ClCompile Include="scene.cpp">
      <Filter>Source Files</Filter>
    </ClCompile>
    <ClCompile Include="simplecamera.cpp">
      <Filter>Source Files</Filter>
    </ClCompile>
    <ClCompile Include="sphere.cpp">
      <Filter>Source Files</Filter>
    </ClCompile>
    <ClCompile Include="vector.cpp">
      <Filter>Source Files</Filter>
    </ClCompile>
  </ItemGroup>
  <ItemGroup>
    <None Include="2spheres.dat">
      <Filter>Data</Filter>
    </None>
    <None Include="simplescene.dat">
      <Filter>Data</Filter>
    </None>
    <None Include="2spheres_poly.dat">
      <Filter>Data</Filter>
    </None>
    <None Include="complexscene.dat">
      <Filter>Data</Filter>
    </None>
    <None Include="litspheres.dat">
      <Filter>Data</Filter>
    </None>
  </ItemGroup>
</Project>